
Microsoft Visual Studio Solution File, Format Version 12.00
# Visual Studio Version 16
VisualStudioVersion = 16.0.30011.22
MinimumVisualStudioVersion = 10.0.40219.1
Project("{9A19103F-16F7-4668-BE54-9A1E7A4F7556}") = "Pokemonia.WebServer", "WebSocketServerTest\Pokemonia.WebServer.csproj", "{E9491F86-83A5-43AE-8B15-67C788AA5D45}"
EndProject
Project("{9A19103F-16F7-4668-BE54-9A1E7A4F7556}") = "Pokemonia.Dal", "WebSocketServerTest.Dal\Pokemonia.Dal.csproj", "{8AA1A30E-2F8C-4DC3-933B-2D58F0655A38}"
EndProject
Project("{FAE04EC0-301F-11D3-BF4B-00C04F79EFBC}") = "Pokemonia.Bll", "Pokemonia.Bll\Pokemonia.Bll.csproj", "{EC6359EE-1B3C-4BB9-A84E-C295EE30097D}"
EndProject
Project("{FAE04EC0-301F-11D3-BF4B-00C04F79EFBC}") = "Pokemonia.Utils", "Pokemonia.Utils\Pokemonia.Utils.csproj", "{E7D09426-9D9C-4D3D-AA87-BE9E80DE441E}"
EndProject
Global
	GlobalSection(SolutionConfigurationPlatforms) = preSolution
		Debug|Any CPU = Debug|Any CPU
		Release|Any CPU = Release|Any CPU
	EndGlobalSection
	GlobalSection(ProjectConfigurationPlatforms) = postSolution
		{E9491F86-83A5-43AE-8B15-67C788AA5D45}.Debug|Any CPU.ActiveCfg = Debug|Any CPU
		{E9491F86-83A5-43AE-8B15-67C788AA5D45}.Debug|Any CPU.Build.0 = Debug|Any CPU
		{E9491F86-83A5-43AE-8B15-67C788AA5D45}.Release|Any CPU.ActiveCfg = Release|Any CPU
		{E9491F86-83A5-43AE-8B15-67C788AA5D45}.Release|Any CPU.Build.0 = Release|Any CPU
		{8AA1A30E-2F8C-4DC3-933B-2D58F0655A38}.Debug|Any CPU.ActiveCfg = Debug|Any CPU
		{8AA1A30E-2F8C-4DC3-933B-2D58F0655A38}.Debug|Any CPU.Build.0 = Debug|Any CPU
		{8AA1A30E-2F8C-4DC3-933B-2D58F0655A38}.Release|Any CPU.ActiveCfg = Release|Any CPU
		{8AA1A30E-2F8C-4DC3-933B-2D58F0655A38}.Release|Any CPU.Build.0 = Release|Any CPU
		{EC6359EE-1B3C-4BB9-A84E-C295EE30097D}.Debug|Any CPU.ActiveCfg = Debug|Any CPU
		{EC6359EE-1B3C-4BB9-A84E-C295EE30097D}.Debug|Any CPU.Build.0 = Debug|Any CPU
		{EC6359EE-1B3C-4BB9-A84E-C295EE30097D}.Release|Any CPU.ActiveCfg = Release|Any CPU
		{EC6359EE-1B3C-4BB9-A84E-C295EE30097D}.Release|Any CPU.Build.0 = Release|Any CPU
		{E7D09426-9D9C-4D3D-AA87-BE9E80DE441E}.Debug|Any CPU.ActiveCfg = Debug|Any CPU
		{E7D09426-9D9C-4D3D-AA87-BE9E80DE441E}.Debug|Any CPU.Build.0 = Debug|Any CPU
		{E7D09426-9D9C-4D3D-AA87-BE9E80DE441E}.Release|Any CPU.ActiveCfg = Release|Any CPU
		{E7D09426-9D9C-4D3D-AA87-BE9E80DE441E}.Release|Any CPU.Build.0 = Release|Any CPU
	EndGlobalSection
	GlobalSection(SolutionProperties) = preSolution
		HideSolutionNode = FALSE
	EndGlobalSection
	GlobalSection(ExtensibilityGlobals) = postSolution
		SolutionGuid = {3622557D-959E-4FF0-90AF-C4FD975F0F73}
	EndGlobalSection
EndGlobal
